
Microsoft Visual Studio Solution File, Format Version 12.00
# Visual Studio Version 17
VisualStudioVersion = 17.12.35506.116 d17.12
MinimumVisualStudioVersion = 10.0.40219.1
Project("{FAE04EC0-301F-11D3-BF4B-00C04F79EFBC}") = "Purchasing.API", "..\Purchasing.API\Purchasing.API.csproj", "{5A502C8B-C31D-49BB-B6C1-92C7111EC96C}"
EndProject
Project("{FAE04EC0-301F-11D3-BF4B-00C04F79EFBC}") = "Purchasing.Application", "..\Purchasing.Application\Purchasing.Application.csproj", "{7457DCDA-00CC-497F-A856-3479682FAF09}"
EndProject
Project("{FAE04EC0-301F-11D3-BF4B-00C04F79EFBC}") = "Purchasing.Domain", "..\Purchasing.Domain\Purchasing.Domain.csproj", "{393D6B70-2AC4-4BEF-BF53-CA28E4249EEC}"
EndProject
Project("{FAE04EC0-301F-11D3-BF4B-00C04F79EFBC}") = "Purchasing.Infrastructure", "..\Purchasing.Infrastructure\Purchasing.Infrastructure.csproj", "{B3567C0C-BEDA-43C8-9593-D0B580E4D34F}"
EndProject
Project("{FAE04EC0-301F-11D3-BF4B-00C04F79EFBC}") = "Purchasing.Tests", "..\Purchasing.Tests\Purchasing.Tests.csproj", "{871FA29C-86A0-4BD9-9C24-CF0154A9F223}"
EndProject
Global
	GlobalSection(SolutionConfigurationPlatforms) = preSolution
		Debug|Any CPU = Debug|Any CPU
		Release|Any CPU = Release|Any CPU
	EndGlobalSection
	GlobalSection(ProjectConfigurationPlatforms) = postSolution
		{5A502C8B-C31D-49BB-B6C1-92C7111EC96C}.Debug|Any CPU.ActiveCfg = Debug|Any CPU
		{5A502C8B-C31D-49BB-B6C1-92C7111EC96C}.Debug|Any CPU.Build.0 = Debug|Any CPU
		{5A502C8B-C31D-49BB-B6C1-92C7111EC96C}.Release|Any CPU.ActiveCfg = Release|Any CPU
		{5A502C8B-C31D-49BB-B6C1-92C7111EC96C}.Release|Any CPU.Build.0 = Release|Any CPU
		{7457DCDA-00CC-497F-A856-3479682FAF09}.Debug|Any CPU.ActiveCfg = Debug|Any CPU
		{7457DCDA-00CC-497F-A856-3479682FAF09}.Debug|Any CPU.Build.0 = Debug|Any CPU
		{7457DCDA-00CC-497F-A856-3479682FAF09}.Release|Any CPU.ActiveCfg = Release|Any CPU
		{7457DCDA-00CC-497F-A856-3479682FAF09}.Release|Any CPU.Build.0 = Release|Any CPU
		{393D6B70-2AC4-4BEF-BF53-CA28E4249EEC}.Debug|Any CPU.ActiveCfg = Debug|Any CPU
		{393D6B70-2AC4-4BEF-BF53-CA28E4249EEC}.Debug|Any CPU.Build.0 = Debug|Any CPU
		{393D6B70-2AC4-4BEF-BF53-CA28E4249EEC}.Release|Any CPU.ActiveCfg = Release|Any CPU
		{393D6B70-2AC4-4BEF-BF53-CA28E4249EEC}.Release|Any CPU.Build.0 = Release|Any CPU
		{B3567C0C-BEDA-43C8-9593-D0B580E4D34F}.Debug|Any CPU.ActiveCfg = Debug|Any CPU
		{B3567C0C-BEDA-43C8-9593-D0B580E4D34F}.Debug|Any CPU.Build.0 = Debug|Any CPU
		{B3567C0C-BEDA-43C8-9593-D0B580E4D34F}.Release|Any CPU.ActiveCfg = Release|Any CPU
		{B3567C0C-BEDA-43C8-9593-D0B580E4D34F}.Release|Any CPU.Build.0 = Release|Any CPU
		{871FA29C-86A0-4BD9-9C24-CF0154A9F223}.Debug|Any CPU.ActiveCfg = Debug|Any CPU
		{871FA29C-86A0-4BD9-9C24-CF0154A9F223}.Debug|Any CPU.Build.0 = Debug|Any CPU
		{871FA29C-86A0-4BD9-9C24-CF0154A9F223}.Release|Any CPU.ActiveCfg = Release|Any CPU
		{871FA29C-86A0-4BD9-9C24-CF0154A9F223}.Release|Any CPU.Build.0 = Release|Any CPU
	EndGlobalSection
	GlobalSection(SolutionProperties) = preSolution
		HideSolutionNode = FALSE
	EndGlobalSection
EndGlobal
